
Microsoft Visual Studio Solution File, Format Version 12.00
# Visual Studio Version 17
VisualStudioVersion = 17.9.34728.123
MinimumVisualStudioVersion = 10.0.40219.1
Project("{9A19103F-16F7-4668-BE54-9A1E7A4F7556}") = "Consumer.Update.Contact", "Consumer.Update.Contact.csproj", "{E72265F2-BB05-4338-8A28-50C7B04257E7}"
EndProject
Global
	GlobalSection(SolutionConfigurationPlatforms) = preSolution
		Debug|Any CPU = Debug|Any CPU
		Release|Any CPU = Release|Any CPU
	EndGlobalSection
	GlobalSection(ProjectConfigurationPlatforms) = postSolution
		{E72265F2-BB05-4338-8A28-50C7B04257E7}.Debug|Any CPU.ActiveCfg = Debug|Any CPU
		{E72265F2-BB05-4338-8A28-50C7B04257E7}.Debug|Any CPU.Build.0 = Debug|Any CPU
		{E72265F2-BB05-4338-8A28-50C7B04257E7}.Release|Any CPU.ActiveCfg = Release|Any CPU
		{E72265F2-BB05-4338-8A28-50C7B04257E7}.Release|Any CPU.Build.0 = Release|Any CPU
	EndGlobalSection
	GlobalSection(SolutionProperties) = preSolution
		HideSolutionNode = FALSE
	EndGlobalSection
	GlobalSection(ExtensibilityGlobals) = postSolution
		SolutionGuid = {53142904-3ACF-46A0-8927-97B305E8CCC3}
	EndGlobalSection
EndGlobal
